{
  "object": {
    "pins": [
      {
        "package": "HalfASheet",
        "repositoryURL": "https://github.com/franklynw/HalfASheet",
        "state": {
          "branch": null,
          "revision": "4f43296b3722082dd5735521ee0fbf25e61cd21c",
          "version": "1.0.2"
        }
      },
      {
        "package": "TabBar",
        "repositoryURL": "https://github.com/onl1ner/TabBar.git",
        "state": {
          "branch": null,
          "revision": "23f403a7b257a3ae9f130d7df9178eaaf7170a69",
          "version": "1.0.0"
        }
      }
    ]
  },
  "version": 1
}
